
Microsoft Visual Studio Solution File, Format Version 12.00
# Visual Studio Version 16
VisualStudioVersion = 16.0.29326.143
MinimumVisualStudioVersion = 10.0.40219.1
Project("{9A19103F-16F7-4668-BE54-9A1E7A4F7556}") = "MessageBoard.Messaging.Core", "messaging\MessageBoard.Messaging.Core\MessageBoard.Messaging.Core.csproj", "{0A677F44-EC74-4AEE-9387-09177BA73616}"
EndProject
Project("{9A19103F-16F7-4668-BE54-9A1E7A4F7556}") = "MessageBoard.Messaging.Api", "messaging\MessageBoard.Messaging.Api\MessageBoard.Messaging.Api.csproj", "{BFD14360-F7DC-4E08-9EB5-D305D6E2B14D}"
EndProject
Project("{9A19103F-16F7-4668-BE54-9A1E7A4F7556}") = "MessageBoard.Messaging.Redis", "messaging\MessageBoard.Messaging.Redis\MessageBoard.Messaging.Redis.csproj", "{732DE7C4-ECD9-4742-B671-2705182D050A}"
EndProject
Project("{9A19103F-16F7-4668-BE54-9A1E7A4F7556}") = "MessageBoard.Voting.Core", "voting\MessageBoard.Voting.Core\MessageBoard.Voting.Core.csproj", "{F8BD0044-AB5F-4E01-8E8C-926CED15F964}"
EndProject
Project("{9A19103F-16F7-4668-BE54-9A1E7A4F7556}") = "MessageBoard.Voting.Redis", "voting\MessageBoard.Voting.Redis\MessageBoard.Voting.Redis.csproj", "{127A862E-A0D9-41E9-BB59-383AEC190F50}"
EndProject
Project("{9A19103F-16F7-4668-BE54-9A1E7A4F7556}") = "MessageBoard.Voting.Api", "voting\MessageBoard.Voting.Api\MessageBoard.Voting.Api.csproj", "{3CA058CD-A19B-4FFC-B9BC-021397AAC0D8}"
EndProject
Project("{2150E333-8FDC-42A3-9474-1A3956D46DE8}") = "ranking", "ranking", "{C7E9F561-5CC6-404B-A78F-2FA256A76571}"
	ProjectSection(SolutionItems) = preProject
		ranking\Api.Dockerfile = ranking\Api.Dockerfile
		ranking\GRPC.Dockerfile = ranking\GRPC.Dockerfile
	EndProjectSection
EndProject
Project("{9A19103F-16F7-4668-BE54-9A1E7A4F7556}") = "MessageBoard.Ranking.Api", "ranking\MessageBoard.Ranking.Api\MessageBoard.Ranking.Api.csproj", "{CD3407DA-0569-47C6-ACEE-16618322F0FC}"
EndProject
Project("{9A19103F-16F7-4668-BE54-9A1E7A4F7556}") = "MessageBoard.Ranking.Core", "ranking\MessageBoard.Ranking.Core\MessageBoard.Ranking.Core.csproj", "{F861D1CD-5AA1-4B5E-887E-6DCC4FDBAE28}"
EndProject
Project("{9A19103F-16F7-4668-BE54-9A1E7A4F7556}") = "MessageBoard.Ranking.Redis", "ranking\MessageBoard.Ranking.Redis\MessageBoard.Ranking.Redis.csproj", "{1979C447-6939-4325-9982-5764934E3019}"
EndProject
Project("{9A19103F-16F7-4668-BE54-9A1E7A4F7556}") = "MessageBoard.Ranking.Nats", "ranking\MessageBoard.Ranking.Nats\MessageBoard.Ranking.Nats.csproj", "{F4A9F137-5522-4C31-A7B9-22CC91C0DBC7}"
EndProject
Project("{2150E333-8FDC-42A3-9474-1A3956D46DE8}") = "voting", "voting", "{DE250017-7820-4F80-85EE-1FBCB7A895D9}"
	ProjectSection(SolutionItems) = preProject
		voting\Api.Dockerfile = voting\Api.Dockerfile
		voting\GRPC.Dockerfile = voting\GRPC.Dockerfile
	EndProjectSection
EndProject
Project("{9A19103F-16F7-4668-BE54-9A1E7A4F7556}") = "MessageBoard.Voting.Nats", "voting\MessageBoard.Voting.Nats\MessageBoard.Voting.Nats.csproj", "{C1854E9F-ED93-4248-81F3-F0D34D77F9C1}"
EndProject
Project("{2150E333-8FDC-42A3-9474-1A3956D46DE8}") = "messaging", "messaging", "{2DC272F8-3FED-4971-9788-DAA81DF66045}"
	ProjectSection(SolutionItems) = preProject
		messaging\Api.Dockerfile = messaging\Api.Dockerfile
		messaging\GRPC.Dockerfile = messaging\GRPC.Dockerfile
	EndProjectSection
EndProject
Project("{9A19103F-16F7-4668-BE54-9A1E7A4F7556}") = "MessageBoard.Messaging.GRPC", "messaging\MessageBoard.Messaging.GRPC\MessageBoard.Messaging.GRPC.csproj", "{586AFD14-239E-4154-9EAB-ED468090AFE8}"
EndProject
Project("{9A19103F-16F7-4668-BE54-9A1E7A4F7556}") = "MessageBoard.Voting.GRPC", "voting\MessageBoard.Voting.GRPC\MessageBoard.Voting.GRPC.csproj", "{0397C4F6-13B1-40C8-9DA2-D533F966468F}"
EndProject
Project("{9A19103F-16F7-4668-BE54-9A1E7A4F7556}") = "MessageBoard.Ranking.GRPC", "ranking\MessageBoard.Ranking.GRPC\MessageBoard.Ranking.GRPC.csproj", "{4A80DE81-A223-47D7-93E0-A3C3DC592E2E}"
EndProject
Project("{9A19103F-16F7-4668-BE54-9A1E7A4F7556}") = "MessageBoard.GraphQL", "graphql\MessageBoard.GraphQL.csproj", "{C5FFBD4A-CAAB-4ADA-93B3-BF1097E329DF}"
EndProject
Project("{2150E333-8FDC-42A3-9474-1A3956D46DE8}") = "_shared", "_shared", "{C9E2CB3F-9D8C-46E3-B38F-BD9A8B010930}"
	ProjectSection(SolutionItems) = preProject
		Directory.Build.props = Directory.Build.props
	EndProjectSection
EndProject
Global
	GlobalSection(SolutionConfigurationPlatforms) = preSolution
		Debug|Any CPU = Debug|Any CPU
		Debug|x64 = Debug|x64
		Debug|x86 = Debug|x86
		Release|Any CPU = Release|Any CPU
		Release|x64 = Release|x64
		Release|x86 = Release|x86
	EndGlobalSection
	GlobalSection(ProjectConfigurationPlatforms) = postSolution
		{0A677F44-EC74-4AEE-9387-09177BA73616}.Debug|Any CPU.ActiveCfg = Debug|Any CPU
		{0A677F44-EC74-4AEE-9387-09177BA73616}.Debug|Any CPU.Build.0 = Debug|Any CPU
		{0A677F44-EC74-4AEE-9387-09177BA73616}.Debug|x64.ActiveCfg = Debug|Any CPU
		{0A677F44-EC74-4AEE-9387-09177BA73616}.Debug|x64.Build.0 = Debug|Any CPU
		{0A677F44-EC74-4AEE-9387-09177BA73616}.Debug|x86.ActiveCfg = Debug|Any CPU
		{0A677F44-EC74-4AEE-9387-09177BA73616}.Debug|x86.Build.0 = Debug|Any CPU
		{0A677F44-EC74-4AEE-9387-09177BA73616}.Release|Any CPU.ActiveCfg = Release|Any CPU
		{0A677F44-EC74-4AEE-9387-09177BA73616}.Release|Any CPU.Build.0 = Release|Any CPU
		{0A677F44-EC74-4AEE-9387-09177BA73616}.Release|x64.ActiveCfg = Release|Any CPU
		{0A677F44-EC74-4AEE-9387-09177BA73616}.Release|x64.Build.0 = Release|Any CPU
		{0A677F44-EC74-4AEE-9387-09177BA73616}.Release|x86.ActiveCfg = Release|Any CPU
		{0A677F44-EC74-4AEE-9387-09177BA73616}.Release|x86.Build.0 = Release|Any CPU
		{BFD14360-F7DC-4E08-9EB5-D305D6E2B14D}.Debug|Any CPU.ActiveCfg = Debug|Any CPU
		{BFD14360-F7DC-4E08-9EB5-D305D6E2B14D}.Debug|Any CPU.Build.0 = Debug|Any CPU
		{BFD14360-F7DC-4E08-9EB5-D305D6E2B14D}.Debug|x64.ActiveCfg = Debug|Any CPU
		{BFD14360-F7DC-4E08-9EB5-D305D6E2B14D}.Debug|x64.Build.0 = Debug|Any CPU
		{BFD14360-F7DC-4E08-9EB5-D305D6E2B14D}.Debug|x86.ActiveCfg = Debug|Any CPU
		{BFD14360-F7DC-4E08-9EB5-D305D6E2B14D}.Debug|x86.Build.0 = Debug|Any CPU
		{BFD14360-F7DC-4E08-9EB5-D305D6E2B14D}.Release|Any CPU.ActiveCfg = Release|Any CPU
		{BFD14360-F7DC-4E08-9EB5-D305D6E2B14D}.Release|Any CPU.Build.0 = Release|Any CPU
		{BFD14360-F7DC-4E08-9EB5-D305D6E2B14D}.Release|x64.ActiveCfg = Release|Any CPU
		{BFD14360-F7DC-4E08-9EB5-D305D6E2B14D}.Release|x64.Build.0 = Release|Any CPU
		{BFD14360-F7DC-4E08-9EB5-D305D6E2B14D}.Release|x86.ActiveCfg = Release|Any CPU
		{BFD14360-F7DC-4E08-9EB5-D305D6E2B14D}.Release|x86.Build.0 = Release|Any CPU
		{732DE7C4-ECD9-4742-B671-2705182D050A}.Debug|Any CPU.ActiveCfg = Debug|Any CPU
		{732DE7C4-ECD9-4742-B671-2705182D050A}.Debug|Any CPU.Build.0 = Debug|Any CPU
		{732DE7C4-ECD9-4742-B671-2705182D050A}.Debug|x64.ActiveCfg = Debug|Any CPU
		{732DE7C4-ECD9-4742-B671-2705182D050A}.Debug|x64.Build.0 = Debug|Any CPU
		{732DE7C4-ECD9-4742-B671-2705182D050A}.Debug|x86.ActiveCfg = Debug|Any CPU
		{732DE7C4-ECD9-4742-B671-2705182D050A}.Debug|x86.Build.0 = Debug|Any CPU
		{732DE7C4-ECD9-4742-B671-2705182D050A}.Release|Any CPU.ActiveCfg = Release|Any CPU
		{732DE7C4-ECD9-4742-B671-2705182D050A}.Release|Any CPU.Build.0 = Release|Any CPU
		{732DE7C4-ECD9-4742-B671-2705182D050A}.Release|x64.ActiveCfg = Release|Any CPU
		{732DE7C4-ECD9-4742-B671-2705182D050A}.Release|x64.Build.0 = Release|Any CPU
		{732DE7C4-ECD9-4742-B671-2705182D050A}.Release|x86.ActiveCfg = Release|Any CPU
		{732DE7C4-ECD9-4742-B671-2705182D050A}.Release|x86.Build.0 = Release|Any CPU
		{F8BD0044-AB5F-4E01-8E8C-926CED15F964}.Debug|Any CPU.ActiveCfg = Debug|Any CPU
		{F8BD0044-AB5F-4E01-8E8C-926CED15F964}.Debug|Any CPU.Build.0 = Debug|Any CPU
		{F8BD0044-AB5F-4E01-8E8C-926CED15F964}.Debug|x64.ActiveCfg = Debug|Any CPU
		{F8BD0044-AB5F-4E01-8E8C-926CED15F964}.Debug|x64.Build.0 = Debug|Any CPU
		{F8BD0044-AB5F-4E01-8E8C-926CED15F964}.Debug|x86.ActiveCfg = Debug|Any CPU
		{F8BD0044-AB5F-4E01-8E8C-926CED15F964}.Debug|x86.Build.0 = Debug|Any CPU
		{F8BD0044-AB5F-4E01-8E8C-926CED15F964}.Release|Any CPU.ActiveCfg = Release|Any CPU
		{F8BD0044-AB5F-4E01-8E8C-926CED15F964}.Release|Any CPU.Build.0 = Release|Any CPU
		{F8BD0044-AB5F-4E01-8E8C-926CED15F964}.Release|x64.ActiveCfg = Release|Any CPU
		{F8BD0044-AB5F-4E01-8E8C-926CED15F964}.Release|x64.Build.0 = Release|Any CPU
		{F8BD0044-AB5F-4E01-8E8C-926CED15F964}.Release|x86.ActiveCfg = Release|Any CPU
		{F8BD0044-AB5F-4E01-8E8C-926CED15F964}.Release|x86.Build.0 = Release|Any CPU
		{127A862E-A0D9-41E9-BB59-383AEC190F50}.Debug|Any CPU.ActiveCfg = Debug|Any CPU
		{127A862E-A0D9-41E9-BB59-383AEC190F50}.Debug|Any CPU.Build.0 = Debug|Any CPU
		{127A862E-A0D9-41E9-BB59-383AEC190F50}.Debug|x64.ActiveCfg = Debug|Any CPU
		{127A862E-A0D9-41E9-BB59-383AEC190F50}.Debug|x64.Build.0 = Debug|Any CPU
		{127A862E-A0D9-41E9-BB59-383AEC190F50}.Debug|x86.ActiveCfg = Debug|Any CPU
		{127A862E-A0D9-41E9-BB59-383AEC190F50}.Debug|x86.Build.0 = Debug|Any CPU
		{127A862E-A0D9-41E9-BB59-383AEC190F50}.Release|Any CPU.ActiveCfg = Release|Any CPU
		{127A862E-A0D9-41E9-BB59-383AEC190F50}.Release|Any CPU.Build.0 = Release|Any CPU
		{127A862E-A0D9-41E9-BB59-383AEC190F50}.Release|x64.ActiveCfg = Release|Any CPU
		{127A862E-A0D9-41E9-BB59-383AEC190F50}.Release|x64.Build.0 = Release|Any CPU
		{127A862E-A0D9-41E9-BB59-383AEC190F50}.Release|x86.ActiveCfg = Release|Any CPU
		{127A862E-A0D9-41E9-BB59-383AEC190F50}.Release|x86.Build.0 = Release|Any CPU
		{3CA058CD-A19B-4FFC-B9BC-021397AAC0D8}.Debug|Any CPU.ActiveCfg = Debug|Any CPU
		{3CA058CD-A19B-4FFC-B9BC-021397AAC0D8}.Debug|Any CPU.Build.0 = Debug|Any CPU
		{3CA058CD-A19B-4FFC-B9BC-021397AAC0D8}.Debug|x64.ActiveCfg = Debug|Any CPU
		{3CA058CD-A19B-4FFC-B9BC-021397AAC0D8}.Debug|x64.Build.0 = Debug|Any CPU
		{3CA058CD-A19B-4FFC-B9BC-021397AAC0D8}.Debug|x86.ActiveCfg = Debug|Any CPU
		{3CA058CD-A19B-4FFC-B9BC-021397AAC0D8}.Debug|x86.Build.0 = Debug|Any CPU
		{3CA058CD-A19B-4FFC-B9BC-021397AAC0D8}.Release|Any CPU.ActiveCfg = Release|Any CPU
		{3CA058CD-A19B-4FFC-B9BC-021397AAC0D8}.Release|Any CPU.Build.0 = Release|Any CPU
		{3CA058CD-A19B-4FFC-B9BC-021397AAC0D8}.Release|x64.ActiveCfg = Release|Any CPU
		{3CA058CD-A19B-4FFC-B9BC-021397AAC0D8}.Release|x64.Build.0 = Release|Any CPU
		{3CA058CD-A19B-4FFC-B9BC-021397AAC0D8}.Release|x86.ActiveCfg = Release|Any CPU
		{3CA058CD-A19B-4FFC-B9BC-021397AAC0D8}.Release|x86.Build.0 = Release|Any CPU
		{CD3407DA-0569-47C6-ACEE-16618322F0FC}.Debug|Any CPU.ActiveCfg = Debug|Any CPU
		{CD3407DA-0569-47C6-ACEE-16618322F0FC}.Debug|Any CPU.Build.0 = Debug|Any CPU
		{CD3407DA-0569-47C6-ACEE-16618322F0FC}.Debug|x64.ActiveCfg = Debug|Any CPU
		{CD3407DA-0569-47C6-ACEE-16618322F0FC}.Debug|x64.Build.0 = Debug|Any CPU
		{CD3407DA-0569-47C6-ACEE-16618322F0FC}.Debug|x86.ActiveCfg = Debug|Any CPU
		{CD3407DA-0569-47C6-ACEE-16618322F0FC}.Debug|x86.Build.0 = Debug|Any CPU
		{CD3407DA-0569-47C6-ACEE-16618322F0FC}.Release|Any CPU.ActiveCfg = Release|Any CPU
		{CD3407DA-0569-47C6-ACEE-16618322F0FC}.Release|Any CPU.Build.0 = Release|Any CPU
		{CD3407DA-0569-47C6-ACEE-16618322F0FC}.Release|x64.ActiveCfg = Release|Any CPU
		{CD3407DA-0569-47C6-ACEE-16618322F0FC}.Release|x64.Build.0 = Release|Any CPU
		{CD3407DA-0569-47C6-ACEE-16618322F0FC}.Release|x86.ActiveCfg = Release|Any CPU
		{CD3407DA-0569-47C6-ACEE-16618322F0FC}.Release|x86.Build.0 = Release|Any CPU
		{F861D1CD-5AA1-4B5E-887E-6DCC4FDBAE28}.Debug|Any CPU.ActiveCfg = Debug|Any CPU
		{F861D1CD-5AA1-4B5E-887E-6DCC4FDBAE28}.Debug|Any CPU.Build.0 = Debug|Any CPU
		{F861D1CD-5AA1-4B5E-887E-6DCC4FDBAE28}.Debug|x64.ActiveCfg = Debug|Any CPU
		{F861D1CD-5AA1-4B5E-887E-6DCC4FDBAE28}.Debug|x64.Build.0 = Debug|Any CPU
		{F861D1CD-5AA1-4B5E-887E-6DCC4FDBAE28}.Debug|x86.ActiveCfg = Debug|Any CPU
		{F861D1CD-5AA1-4B5E-887E-6DCC4FDBAE28}.Debug|x86.Build.0 = Debug|Any CPU
		{F861D1CD-5AA1-4B5E-887E-6DCC4FDBAE28}.Release|Any CPU.ActiveCfg = Release|Any CPU
		{F861D1CD-5AA1-4B5E-887E-6DCC4FDBAE28}.Release|Any CPU.Build.0 = Release|Any CPU
		{F861D1CD-5AA1-4B5E-887E-6DCC4FDBAE28}.Release|x64.ActiveCfg = Release|Any CPU
		{F861D1CD-5AA1-4B5E-887E-6DCC4FDBAE28}.Release|x64.Build.0 = Release|Any CPU
		{F861D1CD-5AA1-4B5E-887E-6DCC4FDBAE28}.Release|x86.ActiveCfg = Release|Any CPU
		{F861D1CD-5AA1-4B5E-887E-6DCC4FDBAE28}.Release|x86.Build.0 = Release|Any CPU
		{1979C447-6939-4325-9982-5764934E3019}.Debug|Any CPU.ActiveCfg = Debug|Any CPU
		{1979C447-6939-4325-9982-5764934E3019}.Debug|Any CPU.Build.0 = Debug|Any CPU
		{1979C447-6939-4325-9982-5764934E3019}.Debug|x64.ActiveCfg = Debug|Any CPU
		{1979C447-6939-4325-9982-5764934E3019}.Debug|x64.Build.0 = Debug|Any CPU
		{1979C447-6939-4325-9982-5764934E3019}.Debug|x86.ActiveCfg = Debug|Any CPU
		{1979C447-6939-4325-9982-5764934E3019}.Debug|x86.Build.0 = Debug|Any CPU
		{1979C447-6939-4325-9982-5764934E3019}.Release|Any CPU.ActiveCfg = Release|Any CPU
		{1979C447-6939-4325-9982-5764934E3019}.Release|Any CPU.Build.0 = Release|Any CPU
		{1979C447-6939-4325-9982-5764934E3019}.Release|x64.ActiveCfg = Release|Any CPU
		{1979C447-6939-4325-9982-5764934E3019}.Release|x64.Build.0 = Release|Any CPU
		{1979C447-6939-4325-9982-5764934E3019}.Release|x86.ActiveCfg = Release|Any CPU
		{1979C447-6939-4325-9982-5764934E3019}.Release|x86.Build.0 = Release|Any CPU
		{F4A9F137-5522-4C31-A7B9-22CC91C0DBC7}.Debug|Any CPU.ActiveCfg = Debug|Any CPU
		{F4A9F137-5522-4C31-A7B9-22CC91C0DBC7}.Debug|Any CPU.Build.0 = Debug|Any CPU
		{F4A9F137-5522-4C31-A7B9-22CC91C0DBC7}.Debug|x64.ActiveCfg = Debug|Any CPU
		{F4A9F137-5522-4C31-A7B9-22CC91C0DBC7}.Debug|x64.Build.0 = Debug|Any CPU
		{F4A9F137-5522-4C31-A7B9-22CC91C0DBC7}.Debug|x86.ActiveCfg = Debug|Any CPU
		{F4A9F137-5522-4C31-A7B9-22CC91C0DBC7}.Debug|x86.Build.0 = Debug|Any CPU
		{F4A9F137-5522-4C31-A7B9-22CC91C0DBC7}.Release|Any CPU.ActiveCfg = Release|Any CPU
		{F4A9F137-5522-4C31-A7B9-22CC91C0DBC7}.Release|Any CPU.Build.0 = Release|Any CPU
		{F4A9F137-5522-4C31-A7B9-22CC91C0DBC7}.Release|x64.ActiveCfg = Release|Any CPU
		{F4A9F137-5522-4C31-A7B9-22CC91C0DBC7}.Release|x64.Build.0 = Release|Any CPU
		{F4A9F137-5522-4C31-A7B9-22CC91C0DBC7}.Release|x86.ActiveCfg = Release|Any CPU
		{F4A9F137-5522-4C31-A7B9-22CC91C0DBC7}.Release|x86.Build.0 = Release|Any CPU
		{C1854E9F-ED93-4248-81F3-F0D34D77F9C1}.Debug|Any CPU.ActiveCfg = Debug|Any CPU
		{C1854E9F-ED93-4248-81F3-F0D34D77F9C1}.Debug|Any CPU.Build.0 = Debug|Any CPU
		{C1854E9F-ED93-4248-81F3-F0D34D77F9C1}.Debug|x64.ActiveCfg = Debug|Any CPU
		{C1854E9F-ED93-4248-81F3-F0D34D77F9C1}.Debug|x64.Build.0 = Debug|Any CPU
		{C1854E9F-ED93-4248-81F3-F0D34D77F9C1}.Debug|x86.ActiveCfg = Debug|Any CPU
		{C1854E9F-ED93-4248-81F3-F0D34D77F9C1}.Debug|x86.Build.0 = Debug|Any CPU
		{C1854E9F-ED93-4248-81F3-F0D34D77F9C1}.Release|Any CPU.ActiveCfg = Release|Any CPU
		{C1854E9F-ED93-4248-81F3-F0D34D77F9C1}.Release|Any CPU.Build.0 = Release|Any CPU
		{C1854E9F-ED93-4248-81F3-F0D34D77F9C1}.Release|x64.ActiveCfg = Release|Any CPU
		{C1854E9F-ED93-4248-81F3-F0D34D77F9C1}.Release|x64.Build.0 = Release|Any CPU
		{C1854E9F-ED93-4248-81F3-F0D34D77F9C1}.Release|x86.ActiveCfg = Release|Any CPU
		{C1854E9F-ED93-4248-81F3-F0D34D77F9C1}.Release|x86.Build.0 = Release|Any CPU
		{586AFD14-239E-4154-9EAB-ED468090AFE8}.Debug|Any CPU.ActiveCfg = Debug|Any CPU
		{586AFD14-239E-4154-9EAB-ED468090AFE8}.Debug|Any CPU.Build.0 = Debug|Any CPU
		{586AFD14-239E-4154-9EAB-ED468090AFE8}.Debug|x64.ActiveCfg = Debug|Any CPU
		{586AFD14-239E-4154-9EAB-ED468090AFE8}.Debug|x64.Build.0 = Debug|Any CPU
		{586AFD14-239E-4154-9EAB-ED468090AFE8}.Debug|x86.ActiveCfg = Debug|Any CPU
		{586AFD14-239E-4154-9EAB-ED468090AFE8}.Debug|x86.Build.0 = Debug|Any CPU
		{586AFD14-239E-4154-9EAB-ED468090AFE8}.Release|Any CPU.ActiveCfg = Release|Any CPU
		{586AFD14-239E-4154-9EAB-ED468090AFE8}.Release|Any CPU.Build.0 = Release|Any CPU
		{586AFD14-239E-4154-9EAB-ED468090AFE8}.Release|x64.ActiveCfg = Release|Any CPU
		{586AFD14-239E-4154-9EAB-ED468090AFE8}.Release|x64.Build.0 = Release|Any CPU
		{586AFD14-239E-4154-9EAB-ED468090AFE8}.Release|x86.ActiveCfg = Release|Any CPU
		{586AFD14-239E-4154-9EAB-ED468090AFE8}.Release|x86.Build.0 = Release|Any CPU
		{0397C4F6-13B1-40C8-9DA2-D533F966468F}.Debug|Any CPU.ActiveCfg = Debug|Any CPU
		{0397C4F6-13B1-40C8-9DA2-D533F966468F}.Debug|Any CPU.Build.0 = Debug|Any CPU
		{0397C4F6-13B1-40C8-9DA2-D533F966468F}.Debug|x64.ActiveCfg = Debug|Any CPU
		{0397C4F6-13B1-40C8-9DA2-D533F966468F}.Debug|x64.Build.0 = Debug|Any CPU
		{0397C4F6-13B1-40C8-9DA2-D533F966468F}.Debug|x86.ActiveCfg = Debug|Any CPU
		{0397C4F6-13B1-40C8-9DA2-D533F966468F}.Debug|x86.Build.0 = Debug|Any CPU
		{0397C4F6-13B1-40C8-9DA2-D533F966468F}.Release|Any CPU.ActiveCfg = Release|Any CPU
		{0397C4F6-13B1-40C8-9DA2-D533F966468F}.Release|Any CPU.Build.0 = Release|Any CPU
		{0397C4F6-13B1-40C8-9DA2-D533F966468F}.Release|x64.ActiveCfg = Release|Any CPU
		{0397C4F6-13B1-40C8-9DA2-D533F966468F}.Release|x64.Build.0 = Release|Any CPU
		{0397C4F6-13B1-40C8-9DA2-D533F966468F}.Release|x86.ActiveCfg = Release|Any CPU
		{0397C4F6-13B1-40C8-9DA2-D533F966468F}.Release|x86.Build.0 = Release|Any CPU
		{4A80DE81-A223-47D7-93E0-A3C3DC592E2E}.Debug|Any CPU.ActiveCfg = Debug|Any CPU
		{4A80DE81-A223-47D7-93E0-A3C3DC592E2E}.Debug|Any CPU.Build.0 = Debug|Any CPU
		{4A80DE81-A223-47D7-93E0-A3C3DC592E2E}.Debug|x64.ActiveCfg = Debug|Any CPU
		{4A80DE81-A223-47D7-93E0-A3C3DC592E2E}.Debug|x64.Build.0 = Debug|Any CPU
		{4A80DE81-A223-47D7-93E0-A3C3DC592E2E}.Debug|x86.ActiveCfg = Debug|Any CPU
		{4A80DE81-A223-47D7-93E0-A3C3DC592E2E}.Debug|x86.Build.0 = Debug|Any CPU
		{4A80DE81-A223-47D7-93E0-A3C3DC592E2E}.Release|Any CPU.ActiveCfg = Release|Any CPU
		{4A80DE81-A223-47D7-93E0-A3C3DC592E2E}.Release|Any CPU.Build.0 = Release|Any CPU
		{4A80DE81-A223-47D7-93E0-A3C3DC592E2E}.Release|x64.ActiveCfg = Release|Any CPU
		{4A80DE81-A223-47D7-93E0-A3C3DC592E2E}.Release|x64.Build.0 = Release|Any CPU
		{4A80DE81-A223-47D7-93E0-A3C3DC592E2E}.Release|x86.ActiveCfg = Release|Any CPU
		{4A80DE81-A223-47D7-93E0-A3C3DC592E2E}.Release|x86.Build.0 = Release|Any CPU
		{C5FFBD4A-CAAB-4ADA-93B3-BF1097E329DF}.Debug|Any CPU.ActiveCfg = Debug|Any CPU
		{C5FFBD4A-CAAB-4ADA-93B3-BF1097E329DF}.Debug|Any CPU.Build.0 = Debug|Any CPU
		{C5FFBD4A-CAAB-4ADA-93B3-BF1097E329DF}.Debug|x64.ActiveCfg = Debug|Any CPU
		{C5FFBD4A-CAAB-4ADA-93B3-BF1097E329DF}.Debug|x64.Build.0 = Debug|Any CPU
		{C5FFBD4A-CAAB-4ADA-93B3-BF1097E329DF}.Debug|x86.ActiveCfg = Debug|Any CPU
		{C5FFBD4A-CAAB-4ADA-93B3-BF1097E329DF}.Debug|x86.Build.0 = Debug|Any CPU
		{C5FFBD4A-CAAB-4ADA-93B3-BF1097E329DF}.Release|Any CPU.ActiveCfg = Release|Any CPU
		{C5FFBD4A-CAAB-4ADA-93B3-BF1097E329DF}.Release|Any CPU.Build.0 = Release|Any CPU
		{C5FFBD4A-CAAB-4ADA-93B3-BF1097E329DF}.Release|x64.ActiveCfg = Release|Any CPU
		{C5FFBD4A-CAAB-4ADA-93B3-BF1097E329DF}.Release|x64.Build.0 = Release|Any CPU
		{C5FFBD4A-CAAB-4ADA-93B3-BF1097E329DF}.Release|x86.ActiveCfg = Release|Any CPU
		{C5FFBD4A-CAAB-4ADA-93B3-BF1097E329DF}.Release|x86.Build.0 = Release|Any CPU
	EndGlobalSection
	GlobalSection(SolutionProperties) = preSolution
		HideSolutionNode = FALSE
	EndGlobalSection
	GlobalSection(NestedProjects) = preSolution
		{0A677F44-EC74-4AEE-9387-09177BA73616} = {2DC272F8-3FED-4971-9788-DAA81DF66045}
		{BFD14360-F7DC-4E08-9EB5-D305D6E2B14D} = {2DC272F8-3FED-4971-9788-DAA81DF66045}
		{732DE7C4-ECD9-4742-B671-2705182D050A} = {2DC272F8-3FED-4971-9788-DAA81DF66045}
		{F8BD0044-AB5F-4E01-8E8C-926CED15F964} = {DE250017-7820-4F80-85EE-1FBCB7A895D9}
		{127A862E-A0D9-41E9-BB59-383AEC190F50} = {DE250017-7820-4F80-85EE-1FBCB7A895D9}
		{3CA058CD-A19B-4FFC-B9BC-021397AAC0D8} = {DE250017-7820-4F80-85EE-1FBCB7A895D9}
		{CD3407DA-0569-47C6-ACEE-16618322F0FC} = {C7E9F561-5CC6-404B-A78F-2FA256A76571}
		{F861D1CD-5AA1-4B5E-887E-6DCC4FDBAE28} = {C7E9F561-5CC6-404B-A78F-2FA256A76571}
		{1979C447-6939-4325-9982-5764934E3019} = {C7E9F561-5CC6-404B-A78F-2FA256A76571}
		{F4A9F137-5522-4C31-A7B9-22CC91C0DBC7} = {C7E9F561-5CC6-404B-A78F-2FA256A76571}
		{C1854E9F-ED93-4248-81F3-F0D34D77F9C1} = {DE250017-7820-4F80-85EE-1FBCB7A895D9}
		{586AFD14-239E-4154-9EAB-ED468090AFE8} = {2DC272F8-3FED-4971-9788-DAA81DF66045}
		{0397C4F6-13B1-40C8-9DA2-D533F966468F} = {DE250017-7820-4F80-85EE-1FBCB7A895D9}
		{4A80DE81-A223-47D7-93E0-A3C3DC592E2E} = {C7E9F561-5CC6-404B-A78F-2FA256A76571}
	EndGlobalSection
	GlobalSection(ExtensibilityGlobals) = postSolution
		SolutionGuid = {1CCA62E8-F2D0-4508-9D2C-ABCF563EE90E}
	EndGlobalSection
EndGlobal
